
Microsoft Visual Studio Solution File, Format Version 12.00
# Visual Studio 15
Project("{FAE04EC0-301F-11D3-BF4B-00C04F79EFBC}") = "Assembly-CSharp", "Assembly-CSharp.csproj", "{A27DEAAA-75DF-CAE3-3EEE-D785001AD828}"
EndProject
Project("{FAE04EC0-301F-11D3-BF4B-00C04F79EFBC}") = "Assembly-CSharp-firstpass", "Assembly-CSharp-firstpass.csproj", "{A140A122-8D6D-96F7-E7D2-F48904286C1C}"
EndProject
Project("{FAE04EC0-301F-11D3-BF4B-00C04F79EFBC}") = "Assembly-CSharp-Editor-firstpass", "Assembly-CSharp-Editor-firstpass.csproj", "{0641E41B-5326-2F33-1CB1-B80152BE91A9}"
EndProject
Global
	GlobalSection(SolutionConfigurationPlatforms) = preSolution
		Debug|Any CPU = Debug|Any CPU
		Release|Any CPU = Release|Any CPU
	EndGlobalSection
	GlobalSection(ProjectConfigurationPlatforms) = postSolution
		{A27DEAAA-75DF-CAE3-3EEE-D785001AD828}.Debug|Any CPU.ActiveCfg = Debug|Any CPU
		{A27DEAAA-75DF-CAE3-3EEE-D785001AD828}.Debug|Any CPU.Build.0 = Debug|Any CPU
		{A27DEAAA-75DF-CAE3-3EEE-D785001AD828}.Release|Any CPU.ActiveCfg = Release|Any CPU
		{A27DEAAA-75DF-CAE3-3EEE-D785001AD828}.Release|Any CPU.Build.0 = Release|Any CPU
		{A140A122-8D6D-96F7-E7D2-F48904286C1C}.Debug|Any CPU.ActiveCfg = Debug|Any CPU
		{A140A122-8D6D-96F7-E7D2-F48904286C1C}.Debug|Any CPU.Build.0 = Debug|Any CPU
		{A140A122-8D6D-96F7-E7D2-F48904286C1C}.Release|Any CPU.ActiveCfg = Release|Any CPU
		{A140A122-8D6D-96F7-E7D2-F48904286C1C}.Release|Any CPU.Build.0 = Release|Any CPU
		{0641E41B-5326-2F33-1CB1-B80152BE91A9}.Debug|Any CPU.ActiveCfg = Debug|Any CPU
		{0641E41B-5326-2F33-1CB1-B80152BE91A9}.Debug|Any CPU.Build.0 = Debug|Any CPU
		{0641E41B-5326-2F33-1CB1-B80152BE91A9}.Release|Any CPU.ActiveCfg = Release|Any CPU
		{0641E41B-5326-2F33-1CB1-B80152BE91A9}.Release|Any CPU.Build.0 = Release|Any CPU
	EndGlobalSection
	GlobalSection(SolutionProperties) = preSolution
		HideSolutionNode = FALSE
	EndGlobalSection
EndGlobal
